
Microsoft Visual Studio Solution File, Format Version 12.00
# Visual Studio 15
VisualStudioVersion = 15.0.28307.572
MinimumVisualStudioVersion = 10.0.40219.1
Project("{FAE04EC0-301F-11D3-BF4B-00C04F79EFBC}") = "ComputeAbsoluteValue", "ComputeAbsoluteValue\ComputeAbsoluteValue.csproj", "{C97C2A11-A9A8-4D8F-9CD4-B046A7EEA1FF}"
EndProject
Global
	GlobalSection(SolutionConfigurationPlatforms) = preSolution
		Debug|Any CPU = Debug|Any CPU
		Release|Any CPU = Release|Any CPU
	EndGlobalSection
	GlobalSection(ProjectConfigurationPlatforms) = postSolution
		{C97C2A11-A9A8-4D8F-9CD4-B046A7EEA1FF}.Debug|Any CPU.ActiveCfg = Debug|Any CPU
		{C97C2A11-A9A8-4D8F-9CD4-B046A7EEA1FF}.Debug|Any CPU.Build.0 = Debug|Any CPU
		{C97C2A11-A9A8-4D8F-9CD4-B046A7EEA1FF}.Release|Any CPU.ActiveCfg = Release|Any CPU
		{C97C2A11-A9A8-4D8F-9CD4-B046A7EEA1FF}.Release|Any CPU.Build.0 = Release|Any CPU
	EndGlobalSection
	GlobalSection(SolutionProperties) = preSolution
		HideSolutionNode = FALSE
	EndGlobalSection
	GlobalSection(ExtensibilityGlobals) = postSolution
		SolutionGuid = {80302EDB-5786-4D59-BCD2-13DFEB98ABD8}
	EndGlobalSection
EndGlobal
