
Microsoft Visual Studio Solution File, Format Version 12.00
# Visual Studio 15
VisualStudioVersion = 15.0.28307.572
MinimumVisualStudioVersion = 10.0.40219.1
Project("{FAE04EC0-301F-11D3-BF4B-00C04F79EFBC}") = "W3ChangeStringToLower", "W3ChangeStringToLower\W3ChangeStringToLower.csproj", "{BEBC02EF-CE55-49EA-BDD4-9CC3138D959C}"
EndProject
Global
	GlobalSection(SolutionConfigurationPlatforms) = preSolution
		Debug|Any CPU = Debug|Any CPU
		Release|Any CPU = Release|Any CPU
	EndGlobalSection
	GlobalSection(ProjectConfigurationPlatforms) = postSolution
		{BEBC02EF-CE55-49EA-BDD4-9CC3138D959C}.Debug|Any CPU.ActiveCfg = Debug|Any CPU
		{BEBC02EF-CE55-49EA-BDD4-9CC3138D959C}.Debug|Any CPU.Build.0 = Debug|Any CPU
		{BEBC02EF-CE55-49EA-BDD4-9CC3138D959C}.Release|Any CPU.ActiveCfg = Release|Any CPU
		{BEBC02EF-CE55-49EA-BDD4-9CC3138D959C}.Release|Any CPU.Build.0 = Release|Any CPU
	EndGlobalSection
	GlobalSection(SolutionProperties) = preSolution
		HideSolutionNode = FALSE
	EndGlobalSection
	GlobalSection(ExtensibilityGlobals) = postSolution
		SolutionGuid = {ADBDD7C6-2473-442E-834C-93FF998FABD9}
	EndGlobalSection
EndGlobal
