
Microsoft Visual Studio Solution File, Format Version 12.00
# Visual Studio 15
VisualStudioVersion = 15.0.28307.572
MinimumVisualStudioVersion = 10.0.40219.1
Project("{FAE04EC0-301F-11D3-BF4B-00C04F79EFBC}") = "Chapter7TDD", "Chapter7TDD\Chapter7TDD.csproj", "{C0469E29-A1B9-42EA-ACCF-7BB7D880A9BD}"
EndProject
Project("{FAE04EC0-301F-11D3-BF4B-00C04F79EFBC}") = "UnitTestProject1.cs", "UnitTestProject1.cs\UnitTestProject1.cs.csproj", "{9597758A-3FD7-4415-A615-1A3AD72B66B1}"
EndProject
Global
	GlobalSection(SolutionConfigurationPlatforms) = preSolution
		Debug|Any CPU = Debug|Any CPU
		Release|Any CPU = Release|Any CPU
	EndGlobalSection
	GlobalSection(ProjectConfigurationPlatforms) = postSolution
		{C0469E29-A1B9-42EA-ACCF-7BB7D880A9BD}.Debug|Any CPU.ActiveCfg = Debug|Any CPU
		{C0469E29-A1B9-42EA-ACCF-7BB7D880A9BD}.Debug|Any CPU.Build.0 = Debug|Any CPU
		{C0469E29-A1B9-42EA-ACCF-7BB7D880A9BD}.Release|Any CPU.ActiveCfg = Release|Any CPU
		{C0469E29-A1B9-42EA-ACCF-7BB7D880A9BD}.Release|Any CPU.Build.0 = Release|Any CPU
		{9597758A-3FD7-4415-A615-1A3AD72B66B1}.Debug|Any CPU.ActiveCfg = Debug|Any CPU
		{9597758A-3FD7-4415-A615-1A3AD72B66B1}.Debug|Any CPU.Build.0 = Debug|Any CPU
		{9597758A-3FD7-4415-A615-1A3AD72B66B1}.Release|Any CPU.ActiveCfg = Release|Any CPU
		{9597758A-3FD7-4415-A615-1A3AD72B66B1}.Release|Any CPU.Build.0 = Release|Any CPU
	EndGlobalSection
	GlobalSection(SolutionProperties) = preSolution
		HideSolutionNode = FALSE
	EndGlobalSection
	GlobalSection(ExtensibilityGlobals) = postSolution
		SolutionGuid = {44F40F1F-9FB5-450C-8D22-3DF26A06CBF6}
	EndGlobalSection
EndGlobal
