
Microsoft Visual Studio Solution File, Format Version 12.00
# Visual Studio 15
VisualStudioVersion = 15.0.28307.572
MinimumVisualStudioVersion = 10.0.40219.1
Project("{FAE04EC0-301F-11D3-BF4B-00C04F79EFBC}") = "W3BasicExercise16", "W3BasicExercise16\W3BasicExercise16.csproj", "{CC374B91-EE50-4755-914B-AE6AAA8B76A6}"
EndProject
Global
	GlobalSection(SolutionConfigurationPlatforms) = preSolution
		Debug|Any CPU = Debug|Any CPU
		Release|Any CPU = Release|Any CPU
	EndGlobalSection
	GlobalSection(ProjectConfigurationPlatforms) = postSolution
		{CC374B91-EE50-4755-914B-AE6AAA8B76A6}.Debug|Any CPU.ActiveCfg = Debug|Any CPU
		{CC374B91-EE50-4755-914B-AE6AAA8B76A6}.Debug|Any CPU.Build.0 = Debug|Any CPU
		{CC374B91-EE50-4755-914B-AE6AAA8B76A6}.Release|Any CPU.ActiveCfg = Release|Any CPU
		{CC374B91-EE50-4755-914B-AE6AAA8B76A6}.Release|Any CPU.Build.0 = Release|Any CPU
	EndGlobalSection
	GlobalSection(SolutionProperties) = preSolution
		HideSolutionNode = FALSE
	EndGlobalSection
	GlobalSection(ExtensibilityGlobals) = postSolution
		SolutionGuid = {FED27F24-DAD5-43D7-A885-AFF01153DEA9}
	EndGlobalSection
EndGlobal
