
Microsoft Visual Studio Solution File, Format Version 12.00
# Visual Studio 15
VisualStudioVersion = 15.0.28307.572
MinimumVisualStudioVersion = 10.0.40219.1
Project("{FAE04EC0-301F-11D3-BF4B-00C04F79EFBC}") = "Ch06Ex04CommandLineArgue", "Ch06Ex04CommandLineArgue\Ch06Ex04CommandLineArgue.csproj", "{EA1C76B2-89E1-4329-B31B-50F3C4871E58}"
EndProject
Global
	GlobalSection(SolutionConfigurationPlatforms) = preSolution
		Debug|Any CPU = Debug|Any CPU
		Release|Any CPU = Release|Any CPU
	EndGlobalSection
	GlobalSection(ProjectConfigurationPlatforms) = postSolution
		{EA1C76B2-89E1-4329-B31B-50F3C4871E58}.Debug|Any CPU.ActiveCfg = Debug|Any CPU
		{EA1C76B2-89E1-4329-B31B-50F3C4871E58}.Debug|Any CPU.Build.0 = Debug|Any CPU
		{EA1C76B2-89E1-4329-B31B-50F3C4871E58}.Release|Any CPU.ActiveCfg = Release|Any CPU
		{EA1C76B2-89E1-4329-B31B-50F3C4871E58}.Release|Any CPU.Build.0 = Release|Any CPU
	EndGlobalSection
	GlobalSection(SolutionProperties) = preSolution
		HideSolutionNode = FALSE
	EndGlobalSection
	GlobalSection(ExtensibilityGlobals) = postSolution
		SolutionGuid = {D11ACE51-99AD-4AD9-9A0A-E5DCDD56E2E6}
	EndGlobalSection
EndGlobal
