
Microsoft Visual Studio Solution File, Format Version 12.00
# Visual Studio 15
VisualStudioVersion = 15.0.28307.572
MinimumVisualStudioVersion = 10.0.40219.1
Project("{FAE04EC0-301F-11D3-BF4B-00C04F79EFBC}") = "Chapter7RetailPrice", "Chapter7RetailPrice\Chapter7RetailPrice.csproj", "{A2421803-A6D9-4AF7-BABC-A4FEF2F6CC7D}"
EndProject
Global
	GlobalSection(SolutionConfigurationPlatforms) = preSolution
		Debug|Any CPU = Debug|Any CPU
		Release|Any CPU = Release|Any CPU
	EndGlobalSection
	GlobalSection(ProjectConfigurationPlatforms) = postSolution
		{A2421803-A6D9-4AF7-BABC-A4FEF2F6CC7D}.Debug|Any CPU.ActiveCfg = Debug|Any CPU
		{A2421803-A6D9-4AF7-BABC-A4FEF2F6CC7D}.Debug|Any CPU.Build.0 = Debug|Any CPU
		{A2421803-A6D9-4AF7-BABC-A4FEF2F6CC7D}.Release|Any CPU.ActiveCfg = Release|Any CPU
		{A2421803-A6D9-4AF7-BABC-A4FEF2F6CC7D}.Release|Any CPU.Build.0 = Release|Any CPU
	EndGlobalSection
	GlobalSection(SolutionProperties) = preSolution
		HideSolutionNode = FALSE
	EndGlobalSection
	GlobalSection(ExtensibilityGlobals) = postSolution
		SolutionGuid = {B064B744-6ACD-4611-AAFC-30BEB5C21E62}
	EndGlobalSection
EndGlobal
