
Microsoft Visual Studio Solution File, Format Version 12.00
# Visual Studio 15
VisualStudioVersion = 15.0.28307.572
MinimumVisualStudioVersion = 10.0.40219.1
Project("{FAE04EC0-301F-11D3-BF4B-00C04F79EFBC}") = "W3ExerciseProgram22", "W3ExerciseProgram22\W3ExerciseProgram22.csproj", "{E087ACBC-9E49-4E89-8544-F981D41A8EC6}"
EndProject
Global
	GlobalSection(SolutionConfigurationPlatforms) = preSolution
		Debug|Any CPU = Debug|Any CPU
		Release|Any CPU = Release|Any CPU
	EndGlobalSection
	GlobalSection(ProjectConfigurationPlatforms) = postSolution
		{E087ACBC-9E49-4E89-8544-F981D41A8EC6}.Debug|Any CPU.ActiveCfg = Debug|Any CPU
		{E087ACBC-9E49-4E89-8544-F981D41A8EC6}.Debug|Any CPU.Build.0 = Debug|Any CPU
		{E087ACBC-9E49-4E89-8544-F981D41A8EC6}.Release|Any CPU.ActiveCfg = Release|Any CPU
		{E087ACBC-9E49-4E89-8544-F981D41A8EC6}.Release|Any CPU.Build.0 = Release|Any CPU
	EndGlobalSection
	GlobalSection(SolutionProperties) = preSolution
		HideSolutionNode = FALSE
	EndGlobalSection
	GlobalSection(ExtensibilityGlobals) = postSolution
		SolutionGuid = {F3048360-074D-4F09-9590-54DC77159CFA}
	EndGlobalSection
EndGlobal
