
Microsoft Visual Studio Solution File, Format Version 12.00
# Visual Studio 15
VisualStudioVersion = 15.0.28307.421
MinimumVisualStudioVersion = 10.0.40219.1
Project("{FAE04EC0-301F-11D3-BF4B-00C04F79EFBC}") = "Chapter3WhileLoop", "Chapter3WhileLoop\Chapter3WhileLoop.csproj", "{D1078B34-CD7D-4673-8CE9-ACCA47E522B9}"
EndProject
Global
	GlobalSection(SolutionConfigurationPlatforms) = preSolution
		Debug|Any CPU = Debug|Any CPU
		Release|Any CPU = Release|Any CPU
	EndGlobalSection
	GlobalSection(ProjectConfigurationPlatforms) = postSolution
		{D1078B34-CD7D-4673-8CE9-ACCA47E522B9}.Debug|Any CPU.ActiveCfg = Debug|Any CPU
		{D1078B34-CD7D-4673-8CE9-ACCA47E522B9}.Debug|Any CPU.Build.0 = Debug|Any CPU
		{D1078B34-CD7D-4673-8CE9-ACCA47E522B9}.Release|Any CPU.ActiveCfg = Release|Any CPU
		{D1078B34-CD7D-4673-8CE9-ACCA47E522B9}.Release|Any CPU.Build.0 = Release|Any CPU
	EndGlobalSection
	GlobalSection(SolutionProperties) = preSolution
		HideSolutionNode = FALSE
	EndGlobalSection
	GlobalSection(ExtensibilityGlobals) = postSolution
		SolutionGuid = {A2FEF369-7B16-4383-84DA-BFD6AFDB2B21}
	EndGlobalSection
EndGlobal
