
Microsoft Visual Studio Solution File, Format Version 12.00
# Visual Studio 15
VisualStudioVersion = 15.0.28307.421
MinimumVisualStudioVersion = 10.0.40219.1
Project("{FAE04EC0-301F-11D3-BF4B-00C04F79EFBC}") = "Chapter4Problem4.2", "Chapter4Problem4.2\Chapter4Problem4.2.csproj", "{84CDFDBF-C001-49AC-832A-FCF588ECA678}"
EndProject
Global
	GlobalSection(SolutionConfigurationPlatforms) = preSolution
		Debug|Any CPU = Debug|Any CPU
		Release|Any CPU = Release|Any CPU
	EndGlobalSection
	GlobalSection(ProjectConfigurationPlatforms) = postSolution
		{84CDFDBF-C001-49AC-832A-FCF588ECA678}.Debug|Any CPU.ActiveCfg = Debug|Any CPU
		{84CDFDBF-C001-49AC-832A-FCF588ECA678}.Debug|Any CPU.Build.0 = Debug|Any CPU
		{84CDFDBF-C001-49AC-832A-FCF588ECA678}.Release|Any CPU.ActiveCfg = Release|Any CPU
		{84CDFDBF-C001-49AC-832A-FCF588ECA678}.Release|Any CPU.Build.0 = Release|Any CPU
	EndGlobalSection
	GlobalSection(SolutionProperties) = preSolution
		HideSolutionNode = FALSE
	EndGlobalSection
	GlobalSection(ExtensibilityGlobals) = postSolution
		SolutionGuid = {AACC1A85-E2DB-4EFD-9895-42773C2DAF53}
	EndGlobalSection
EndGlobal
