
Microsoft Visual Studio Solution File, Format Version 12.00
# Visual Studio 15
VisualStudioVersion = 15.0.28307.572
MinimumVisualStudioVersion = 10.0.40219.1
Project("{FAE04EC0-301F-11D3-BF4B-00C04F79EFBC}") = "Chapter7RetailPricewithException", "Chapter7RetailPricewithException\Chapter7RetailPricewithException.csproj", "{164E97ED-F00A-4854-8387-5428FF2B91BA}"
EndProject
Global
	GlobalSection(SolutionConfigurationPlatforms) = preSolution
		Debug|Any CPU = Debug|Any CPU
		Release|Any CPU = Release|Any CPU
	EndGlobalSection
	GlobalSection(ProjectConfigurationPlatforms) = postSolution
		{164E97ED-F00A-4854-8387-5428FF2B91BA}.Debug|Any CPU.ActiveCfg = Debug|Any CPU
		{164E97ED-F00A-4854-8387-5428FF2B91BA}.Debug|Any CPU.Build.0 = Debug|Any CPU
		{164E97ED-F00A-4854-8387-5428FF2B91BA}.Release|Any CPU.ActiveCfg = Release|Any CPU
		{164E97ED-F00A-4854-8387-5428FF2B91BA}.Release|Any CPU.Build.0 = Release|Any CPU
	EndGlobalSection
	GlobalSection(SolutionProperties) = preSolution
		HideSolutionNode = FALSE
	EndGlobalSection
	GlobalSection(ExtensibilityGlobals) = postSolution
		SolutionGuid = {7A5E6EC1-AC48-43F4-8357-428C1F7FD8E9}
	EndGlobalSection
EndGlobal
