
Microsoft Visual Studio Solution File, Format Version 12.00
# Visual Studio 15
VisualStudioVersion = 15.0.28307.572
MinimumVisualStudioVersion = 10.0.40219.1
Project("{FAE04EC0-301F-11D3-BF4B-00C04F79EFBC}") = "W3exerciseProgram19SumAndTriple", "W3exerciseProgram19SumAndTriple\W3exerciseProgram19SumAndTriple.csproj", "{59A9B5F3-8C01-46E0-8392-5CD2591E82A5}"
EndProject
Global
	GlobalSection(SolutionConfigurationPlatforms) = preSolution
		Debug|Any CPU = Debug|Any CPU
		Release|Any CPU = Release|Any CPU
	EndGlobalSection
	GlobalSection(ProjectConfigurationPlatforms) = postSolution
		{59A9B5F3-8C01-46E0-8392-5CD2591E82A5}.Debug|Any CPU.ActiveCfg = Debug|Any CPU
		{59A9B5F3-8C01-46E0-8392-5CD2591E82A5}.Debug|Any CPU.Build.0 = Debug|Any CPU
		{59A9B5F3-8C01-46E0-8392-5CD2591E82A5}.Release|Any CPU.ActiveCfg = Release|Any CPU
		{59A9B5F3-8C01-46E0-8392-5CD2591E82A5}.Release|Any CPU.Build.0 = Release|Any CPU
	EndGlobalSection
	GlobalSection(SolutionProperties) = preSolution
		HideSolutionNode = FALSE
	EndGlobalSection
	GlobalSection(ExtensibilityGlobals) = postSolution
		SolutionGuid = {561E590B-30D4-47DA-A4AE-6794893B2CFA}
	EndGlobalSection
EndGlobal
