
Microsoft Visual Studio Solution File, Format Version 12.00
# Visual Studio 15
VisualStudioVersion = 15.0.28307.421
MinimumVisualStudioVersion = 10.0.40219.1
Project("{FAE04EC0-301F-11D3-BF4B-00C04F79EFBC}") = "MultiplingProgramwithCheck", "MultiplingProgramwithCheck\MultiplingProgramwithCheck.csproj", "{CE0F411D-55C3-4554-A79C-5B7D669A9168}"
EndProject
Global
	GlobalSection(SolutionConfigurationPlatforms) = preSolution
		Debug|Any CPU = Debug|Any CPU
		Release|Any CPU = Release|Any CPU
	EndGlobalSection
	GlobalSection(ProjectConfigurationPlatforms) = postSolution
		{CE0F411D-55C3-4554-A79C-5B7D669A9168}.Debug|Any CPU.ActiveCfg = Debug|Any CPU
		{CE0F411D-55C3-4554-A79C-5B7D669A9168}.Debug|Any CPU.Build.0 = Debug|Any CPU
		{CE0F411D-55C3-4554-A79C-5B7D669A9168}.Release|Any CPU.ActiveCfg = Release|Any CPU
		{CE0F411D-55C3-4554-A79C-5B7D669A9168}.Release|Any CPU.Build.0 = Release|Any CPU
	EndGlobalSection
	GlobalSection(SolutionProperties) = preSolution
		HideSolutionNode = FALSE
	EndGlobalSection
	GlobalSection(ExtensibilityGlobals) = postSolution
		SolutionGuid = {04C243AB-C572-4221-965E-612154C62302}
	EndGlobalSection
EndGlobal
